
Microsoft Visual Studio Solution File, Format Version 12.00
# Visual Studio Version 16
VisualStudioVersion = 16.0.31727.386
MinimumVisualStudioVersion = 10.0.40219.1
Project("{FAE04EC0-301F-11D3-BF4B-00C04F79EFBC}") = "StringCounter", "StringCounter.csproj", "{F91AEC11-A3C2-4AF8-B907-7545EF39EAFC}"
EndProject
Project("{FAE04EC0-301F-11D3-BF4B-00C04F79EFBC}") = "DLL Tester", "DLL Tester\DLL Tester.csproj", "{5A40AC5A-E07F-4030-88C6-F9F29971A774}"
EndProject
Global
	GlobalSection(SolutionConfigurationPlatforms) = preSolution
		Debug|Any CPU = Debug|Any CPU
		Release|Any CPU = Release|Any CPU
	EndGlobalSection
	GlobalSection(ProjectConfigurationPlatforms) = postSolution
		{F91AEC11-A3C2-4AF8-B907-7545EF39EAFC}.Debug|Any CPU.ActiveCfg = Debug|Any CPU
		{F91AEC11-A3C2-4AF8-B907-7545EF39EAFC}.Debug|Any CPU.Build.0 = Debug|Any CPU
		{F91AEC11-A3C2-4AF8-B907-7545EF39EAFC}.Release|Any CPU.ActiveCfg = Release|Any CPU
		{F91AEC11-A3C2-4AF8-B907-7545EF39EAFC}.Release|Any CPU.Build.0 = Release|Any CPU
		{5A40AC5A-E07F-4030-88C6-F9F29971A774}.Debug|Any CPU.ActiveCfg = Debug|Any CPU
		{5A40AC5A-E07F-4030-88C6-F9F29971A774}.Debug|Any CPU.Build.0 = Debug|Any CPU
		{5A40AC5A-E07F-4030-88C6-F9F29971A774}.Release|Any CPU.ActiveCfg = Release|Any CPU
		{5A40AC5A-E07F-4030-88C6-F9F29971A774}.Release|Any CPU.Build.0 = Release|Any CPU
	EndGlobalSection
	GlobalSection(SolutionProperties) = preSolution
		HideSolutionNode = FALSE
	EndGlobalSection
	GlobalSection(ExtensibilityGlobals) = postSolution
		SolutionGuid = {FC4DE376-9A15-47F3-BA4B-419410C2F6CB}
	EndGlobalSection
EndGlobal
